
Microsoft Visual Studio Solution File, Format Version 12.00
# Visual Studio Version 16
VisualStudioVersion = 16.0.33027.164
MinimumVisualStudioVersion = 10.0.40219.1
Project("{00D1A9C2-B5F0-4AF3-8072-F6C62B433612}") = "Database1", "Database1\Database1.sqlproj", "{D0C2B503-171E-4301-AD07-030AD95393AA}"
EndProject
Global
	GlobalSection(SolutionConfigurationPlatforms) = preSolution
		Debug|Any CPU = Debug|Any CPU
		Release|Any CPU = Release|Any CPU
	EndGlobalSection
	GlobalSection(ProjectConfigurationPlatforms) = postSolution
		{D0C2B503-171E-4301-AD07-030AD95393AA}.Debug|Any CPU.ActiveCfg = Debug|Any CPU
		{D0C2B503-171E-4301-AD07-030AD95393AA}.Debug|Any CPU.Build.0 = Debug|Any CPU
		{D0C2B503-171E-4301-AD07-030AD95393AA}.Debug|Any CPU.Deploy.0 = Debug|Any CPU
		{D0C2B503-171E-4301-AD07-030AD95393AA}.Release|Any CPU.ActiveCfg = Release|Any CPU
		{D0C2B503-171E-4301-AD07-030AD95393AA}.Release|Any CPU.Build.0 = Release|Any CPU
		{D0C2B503-171E-4301-AD07-030AD95393AA}.Release|Any CPU.Deploy.0 = Release|Any CPU
	EndGlobalSection
	GlobalSection(SolutionProperties) = preSolution
		HideSolutionNode = FALSE
	EndGlobalSection
	GlobalSection(ExtensibilityGlobals) = postSolution
		SolutionGuid = {C456D7C3-C6F8-4BEE-8914-A2E69832E143}
	EndGlobalSection
EndGlobal
